
Microsoft Visual Studio Solution File, Format Version 12.00
# Visual Studio 15
VisualStudioVersion = 15.0.26403.7
MinimumVisualStudioVersion = 10.0.40219.1
Project("{2150E333-8FDC-42A3-9474-1A3956D46DE8}") = "src", "src", "{D08E92DF-EBF3-4AFA-A877-ACDF12A6480D}"
	ProjectSection(SolutionItems) = preProject
		readme.md = readme.md
	EndProjectSection
EndProject
Project("{2150E333-8FDC-42A3-9474-1A3956D46DE8}") = "Solution Items", "Solution Items", "{99795847-6451-46AF-B961-B940F001D50D}"
EndProject
Project("{9A19103F-16F7-4668-BE54-9A1E7A4F7556}") = "MailAPI", "src\USBEMailAPI\MailAPI.csproj", "{C50CDF08-B2FB-4D66-A3BA-9DAF4FE47B1F}"
EndProject
Global
	GlobalSection(SolutionConfigurationPlatforms) = preSolution
		Debug|Any CPU = Debug|Any CPU
		Release|Any CPU = Release|Any CPU
	EndGlobalSection
	GlobalSection(ProjectConfigurationPlatforms) = postSolution
		{C50CDF08-B2FB-4D66-A3BA-9DAF4FE47B1F}.Debug|Any CPU.ActiveCfg = Debug|Any CPU
		{C50CDF08-B2FB-4D66-A3BA-9DAF4FE47B1F}.Debug|Any CPU.Build.0 = Debug|Any CPU
		{C50CDF08-B2FB-4D66-A3BA-9DAF4FE47B1F}.Release|Any CPU.ActiveCfg = Release|Any CPU
		{C50CDF08-B2FB-4D66-A3BA-9DAF4FE47B1F}.Release|Any CPU.Build.0 = Release|Any CPU
	EndGlobalSection
	GlobalSection(SolutionProperties) = preSolution
		HideSolutionNode = FALSE
	EndGlobalSection
	GlobalSection(NestedProjects) = preSolution
		{C50CDF08-B2FB-4D66-A3BA-9DAF4FE47B1F} = {D08E92DF-EBF3-4AFA-A877-ACDF12A6480D}
	EndGlobalSection
EndGlobal
